[[package]]
name = "anyio"
version = "4.4.0"
description = "High level compatibility layer for multiple asynchronous event loop implementations"
category = "main"
optional = false
python-versions = ">=3.8"

[package.dependencies]
idna = ">=2.8"
sniffio = ">=1.1"

[package.extras]
doc = ["packaging", "Sphinx (>=7)", "sphinx-rtd-theme", "sphinx-autodoc-typehints (>=1.2.0)"]
test = ["anyio", "coverage[toml] (>=7)", "exceptiongroup (>=1.2.0)", "hypothesis (>=4.0)", "psutil (>=5.9)", "pytest (>=7.0)", "pytest-mock (>=3.6.1)", "trustme", "uvloop (>=0.17)"]
trio = ["trio (>=0.23)"]

[[package]]
name = "atomicwrites"
version = "1.4.1"
description = "Atomic file writes."
category = "dev"
optional = false
python-versions = ">=2.7, !=3.0.*, !=3.1.*, !=3.2.*, !=3.3.*"

[[package]]
name = "attrs"
version = "23.2.0"
description = "Classes Without Boilerplate"
category = "dev"
optional = false
python-versions = ">=3.7"

[package.extras]
cov = ["attrs", "coverage[toml] (>=5.3)"]
dev = ["attrs", "pre-commit"]
docs = ["furo", "myst-parser", "sphinx", "sphinx-notfound-page", "sphinxcontrib-towncrier", "towncrier", "zope-interface"]
tests = ["attrs", "zope-interface"]
tests-mypy = ["mypy (>=1.6)", "pytest-mypy-plugins"]
tests-no-zope = ["attrs", "cloudpickle", "hypothesis", "pympler", "pytest-xdist", "pytest (>=4.3.0)"]

[[package]]
name = "balladeer"
version = "0.50.0"
description = "Web-enabled interactive fiction framework."
category = "main"
optional = false
python-versions = ">=3.11"

[package.dependencies]
hypercorn = "*"
python-multipart = "*"
speechmark = ">=0.10.0"
starlette = ">=0.26.1"
turberfield-utils = "0.47.0"

[package.extras]
classic = ["aiohttp", "docutils (==0.18.1)", "turberfield-catchphrase (==0.25.0)", "turberfield-dialogue (==0.47.0)", "turberfield-utils (==0.47.0)"]
docbuild = ["sphinx (<=6.2.1)", "karma-sphinx-theme (>=0.0.8)"]

[[package]]
name = "colorama"
version = "0.4.6"
description = "Cross-platform colored terminal text."
category = "dev"
optional = false
python-versions = "!=3.0.*,!=3.1.*,!=3.2.*,!=3.3.*,!=3.4.*,!=3.5.*,!=3.6.*,>=2.7"

[[package]]
name = "h11"
version = "0.14.0"
description = "A pure-Python, bring-your-own-I/O implementation of HTTP/1.1"
category = "main"
optional = false
python-versions = ">=3.7"

[[package]]
name = "h2"
version = "4.1.0"
description = "HTTP/2 State-Machine based protocol implementation"
category = "main"
optional = false
python-versions = ">=3.6.1"

[package.dependencies]
hpack = ">=4.0,<5"
hyperframe = ">=6.0,<7"

[[package]]
name = "hpack"
version = "4.0.0"
description = "Pure-Python HPACK header compression"
category = "main"
optional = false
python-versions = ">=3.6.1"

[[package]]
name = "hypercorn"
version = "0.17.3"
description = "A ASGI Server based on Hyper libraries and inspired by Gunicorn"
category = "main"
optional = false
python-versions = ">=3.8"

[package.dependencies]
h11 = "*"
h2 = ">=3.1.0"
priority = "*"
wsproto = ">=0.14.0"

[package.extras]
h3 = ["aioquic (>=0.9.0,<1.0)"]
docs = ["pydata-sphinx-theme", "sphinxcontrib-mermaid"]
trio = ["trio (>=0.22.0)"]
uvloop = ["uvloop (>=0.18)"]

[[package]]
name = "hyperframe"
version = "6.0.1"
description = "HTTP/2 framing layer for Python"
category = "main"
optional = false
python-versions = ">=3.6.1"

[[package]]
name = "idna"
version = "3.7"
description = "Internationalized Domain Names in Applications (IDNA)"
category = "main"
optional = false
python-versions = ">=3.5"

[[package]]
name = "more-itertools"
version = "10.2.0"
description = "More routines for operating on iterables, beyond itertools"
category = "dev"
optional = false
python-versions = ">=3.8"

[[package]]
name = "packaging"
version = "24.0"
description = "Core utilities for Python packages"
category = "dev"
optional = false
python-versions = ">=3.7"

[[package]]
name = "pluggy"
version = "0.13.1"
description = "plugin and hook calling mechanisms for python"
category = "dev"
optional = false
python-versions = ">=2.7, !=3.0.*, !=3.1.*, !=3.2.*, !=3.3.*"

[package.extras]
dev = ["pre-commit", "tox"]

[[package]]
name = "priority"
version = "2.0.0"
description = "A pure-Python implementation of the HTTP/2 priority tree"
category = "main"
optional = false
python-versions = ">=3.6.1"

[[package]]
name = "py"
version = "1.11.0"
description = "library with cross-python path, ini-parsing, io, code, log facilities"
category = "dev"
optional = false
python-versions = ">=2.7, !=3.0.*, !=3.1.*, !=3.2.*, !=3.3.*, !=3.4.*"

[[package]]
name = "pytest"
version = "5.4.3"
description = "pytest: simple powerful testing with Python"
category = "dev"
optional = false
python-versions = ">=3.5"

[package.dependencies]
atomicwrites = {version = ">=1.0", markers = "sys_platform == \"win32\""}
attrs = ">=17.4.0"
colorama = {version = "*", markers = "sys_platform == \"win32\""}
more-itertools = ">=4.0.0"
packaging = "*"
pluggy = ">=0.12,<1.0"
py = ">=1.5.0"
wcwidth = "*"

[package.extras]
checkqa-mypy = ["mypy (==v0.761)"]
testing = ["argcomplete", "hypothesis (>=3.56)", "mock", "nose", "requests", "xmlschema"]

[[package]]
name = "python-multipart"
version = "0.0.9"
description = "A streaming multipart parser for Python"
category = "main"
optional = false
python-versions = ">=3.8"

[package.extras]
dev = ["atomicwrites (==1.4.1)", "attrs (==23.2.0)", "coverage (==7.4.1)", "hatch", "invoke (==2.2.0)", "more-itertools (==10.2.0)", "pbr (==6.0.0)", "pluggy (==1.4.0)", "py (==1.11.0)", "pytest-cov (==4.1.0)", "pytest-timeout (==2.2.0)", "pytest (==8.0.0)", "pyyaml (==6.0.1)", "ruff (==0.2.1)"]

[[package]]
name = "sniffio"
version = "1.3.1"
description = "Sniff out which async library your code is running under"
category = "main"
optional = false
python-versions = ">=3.7"

[[package]]
name = "speechmark"
version = "0.10.0"
description = "A markup language for Speech and Dialogue."
category = "main"
optional = false
python-versions = ">=3.10"

[[package]]
name = "starlette"
version = "0.37.2"
description = "The little ASGI library that shines."
category = "main"
optional = false
python-versions = ">=3.8"

[package.dependencies]
anyio = ">=3.4.0,<5"

[package.extras]
full = ["httpx (>=0.22.0)", "itsdangerous", "jinja2", "python-multipart (>=0.0.7)", "pyyaml"]

[[package]]
name = "turberfield-utils"
version = "0.47.0"
description = "Reusable modules from the Turberfield project."
category = "main"
optional = false
python-versions = "*"

[[package]]
name = "wcwidth"
version = "0.2.13"
description = "Measures the displayed width of unicode strings in a terminal"
category = "dev"
optional = false
python-versions = "*"

[[package]]
name = "wsproto"
version = "1.2.0"
description = "WebSockets state-machine based protocol implementation"
category = "main"
optional = false
python-versions = ">=3.7.0"

[package.dependencies]
h11 = ">=0.9.0,<1"

[metadata]
lock-version = "1.1"
python-versions = "^3.12"
content-hash = "493babcaa6ea3483ec02b0d9c6a15c28249844a58a04a1901a1659ee55e3a041"

[metadata.files]
anyio = []
atomicwrites = []
attrs = []
balladeer = []
colorama = []
h11 = []
h2 = []
hpack = []
hypercorn = []
hyperframe = []
idna = []
more-itertools = []
packaging = []
pluggy = []
priority = []
py = []
pytest = []
python-multipart = []
sniffio = []
speechmark = []
starlette = []
turberfield-utils = []
wcwidth = []
wsproto = []
